// !$*UTF8*$!
{
	archiveVersion = 1;
	classes = {
	};
	objectVersion = 48;
	objects = {

/* Begin PBXBuildFile section */
		5E5B80D22007AC4400E0B098 /* AppDelegate.swift in Sources */ = {isa = PBXBuildFile; fileRef = 5E5B80D12007AC4400E0B098 /* AppDelegate.swift */; };
		5E5B80D42007AC4400E0B098 /* ViewController.swift in Sources */ = {isa = PBXBuildFile; fileRef = 5E5B80D32007AC4400E0B098 /* ViewController.swift */; };
		5E5B80D72007AC4400E0B098 /* Main.storyboard in Resources */ = {isa = PBXBuildFile; fileRef = 5E5B80D52007AC4400E0B098 /* Main.storyboard */; };
		5E5B80D92007AC4400E0B098 /* Assets.xcassets in Resources */ = {isa = PBXBuildFile; fileRef = 5E5B80D82007AC4400E0B098 /* Assets.xcassets */; };
		5E5B80DC2007AC4400E0B098 /* LaunchScreen.storyboard in Resources */ = {isa = PBXBuildFile; fileRef = 5E5B80DA2007AC4400E0B098 /* LaunchScreen.storyboard */; };
		5E5B80E52007ADFA00E0B098 /* Download.swift in Sources */ = {isa = PBXBuildFile; fileRef = 5E5B80E42007ADFA00E0B098 /* Download.swift */; };
		5E5B80E72007AE1700E0B098 /* DownloadViewController.swift in Sources */ = {isa = PBXBuildFile; fileRef = 5E5B80E62007AE1700E0B098 /* DownloadViewController.swift */; };
		5E5B80E920090F3D00E0B098 /* ListCollectionViewCell.swift in Sources */ = {isa = PBXBuildFile; fileRef = 5E5B80E820090F3D00E0B098 /* ListCollectionViewCell.swift */; };
		5E5B80EF200B2FA800E0B098 /* DB.swift in Sources */ = {isa = PBXBuildFile; fileRef = 5E5B80EE200B2FA800E0B098 /* DB.swift */; };
		5E5B80F2200BA02E00E0B098 /* VideoView.swift in Sources */ = {isa = PBXBuildFile; fileRef = 5E5B80F1200BA02E00E0B098 /* VideoView.swift */; };
		5E5B80F4200BA97600E0B098 /* VideoPlayerViewController.swift in Sources */ = {isa = PBXBuildFile; fileRef = 5E5B80F3200BA97600E0B098 /* VideoPlayerViewController.swift */; };
		F13956FE41362381BBC7704A /* Pods_VideoPlayer.framework in Frameworks */ = {isa = PBXBuildFile; fileRef = 178DBB662134BA2E2BE16A84 /* Pods_VideoPlayer.framework */; };
/* End PBXBuildFile section */

/* Begin PBXFileReference section */
		178DBB662134BA2E2BE16A84 /* Pods_VideoPlayer.framework */ = {isa = PBXFileReference; explicitFileType = wrapper.framework; includeInIndex = 0; path = Pods_VideoPlayer.framework; sourceTree = BUILT_PRODUCTS_DIR; };
		59E250F9C83D1A1898B1B514 /* Pods-VideoPlayer.debug.xcconfig */ = {isa = PBXFileReference; includeInIndex = 1; lastKnownFileType = text.xcconfig; name = "Pods-VideoPlayer.debug.xcconfig"; path = "Pods/Target Support Files/Pods-VideoPlayer/Pods-VideoPlayer.debug.xcconfig"; sourceTree = "<group>"; };
		5E5B80CE2007AC4400E0B098 /* VideoPlayer.app */ = {isa = PBXFileReference; explicitFileType = wrapper.application; includeInIndex = 0; path = VideoPlayer.app; sourceTree = BUILT_PRODUCTS_DIR; };
		5E5B80D12007AC4400E0B098 /* AppDelegate.swift */ = {isa = PBXFileReference; lastKnownFileType = sourcecode.swift; path = AppDelegate.swift; sourceTree = "<group>"; };
		5E5B80D32007AC4400E0B098 /* ViewController.swift */ = {isa = PBXFileReference; lastKnownFileType = sourcecode.swift; path = ViewController.swift; sourceTree = "<group>"; };
		5E5B80D62007AC4400E0B098 /* Base */ = {isa = PBXFileReference; lastKnownFileType = file.storyboard; name = Base; path = Base.lproj/Main.storyboard; sourceTree = "<group>"; };
		5E5B80D82007AC4400E0B098 /* Assets.xcassets */ = {isa = PBXFileReference; lastKnownFileType = folder.assetcatalog; path = Assets.xcassets; sourceTree = "<group>"; };
		5E5B80DB2007AC4400E0B098 /* Base */ = {isa = PBXFileReference; lastKnownFileType = file.storyboard; name = Base; path = Base.lproj/LaunchScreen.storyboard; sourceTree = "<group>"; };
		5E5B80DD2007AC4400E0B098 /* Info.plist */ = {isa = PBXFileReference; lastKnownFileType = text.plist.xml; path = Info.plist; sourceTree = "<group>"; };
		5E5B80E42007ADFA00E0B098 /* Download.swift */ = {isa = PBXFileReference; lastKnownFileType = sourcecode.swift; path = Download.swift; sourceTree = "<group>"; };
		5E5B80E62007AE1700E0B098 /* DownloadViewController.swift */ = {isa = PBXFileReference; lastKnownFileType = sourcecode.swift; path = DownloadViewController.swift; sourceTree = "<group>"; };
		5E5B80E820090F3D00E0B098 /* ListCollectionViewCell.swift */ = {isa = PBXFileReference; lastKnownFileType = sourcecode.swift; path = ListCollectionViewCell.swift; sourceTree = "<group>"; };
		5E5B80EE200B2FA800E0B098 /* DB.swift */ = {isa = PBXFileReference; lastKnownFileType = sourcecode.swift; path = DB.swift; sourceTree = "<group>"; };
		5E5B80F1200BA02E00E0B098 /* VideoView.swift */ = {isa = PBXFileReference; lastKnownFileType = sourcecode.swift; path = VideoView.swift; sourceTree = "<group>"; };
		5E5B80F3200BA97600E0B098 /* VideoPlayerViewController.swift */ = {isa = PBXFileReference; lastKnownFileType = sourcecode.swift; path = VideoPlayerViewController.swift; sourceTree = "<group>"; };
		9D291F0F9FF1CEABF9D8C1EA /* Pods-VideoPlayer.release.xcconfig */ = {isa = PBXFileReference; includeInIndex = 1; lastKnownFileType = text.xcconfig; name = "Pods-VideoPlayer.release.xcconfig"; path = "Pods/Target Support Files/Pods-VideoPlayer/Pods-VideoPlayer.release.xcconfig"; sourceTree = "<group>"; };
/* End PBXFileReference section */

/* Begin PBXFrameworksBuildPhase section */
		5E5B80CB2007AC4400E0B098 /* Frameworks */ = {
			isa = PBXFrameworksBuildPhase;
			buildActionMask = 2147483647;
			files = (
				F13956FE41362381BBC7704A /* Pods_VideoPlayer.framework in Frameworks */,
			);
			runOnlyForDeploymentPostprocessing = 0;
		};
/* End PBXFrameworksBuildPhase section */

/* Begin PBXGroup section */
		0C7A0898EEC3D93E27136EA0 /* Pods */ = {
			isa = PBXGroup;
			children = (
				59E250F9C83D1A1898B1B514 /* Pods-VideoPlayer.debug.xcconfig */,
				9D291F0F9FF1CEABF9D8C1EA /* Pods-VideoPlayer.release.xcconfig */,
			);
			name = Pods;
			sourceTree = "<group>";
		};
		3C28FF99B5D6EF5944DC3A95 /* Frameworks */ = {
			isa = PBXGroup;
			children = (
				178DBB662134BA2E2BE16A84 /* Pods_VideoPlayer.framework */,
			);
			name = Frameworks;
			sourceTree = "<group>";
		};
		5E5B80C52007AC4400E0B098 = {
			isa = PBXGroup;
			children = (
				5E5B80D02007AC4400E0B098 /* VideoPlayer */,
				5E5B80CF2007AC4400E0B098 /* Products */,
				0C7A0898EEC3D93E27136EA0 /* Pods */,
				3C28FF99B5D6EF5944DC3A95 /* Frameworks */,
			);
			sourceTree = "<group>";
		};
		5E5B80CF2007AC4400E0B098 /* Products */ = {
			isa = PBXGroup;
			children = (
				5E5B80CE2007AC4400E0B098 /* VideoPlayer.app */,
			);
			name = Products;
			sourceTree = "<group>";
		};
		5E5B80D02007AC4400E0B098 /* VideoPlayer */ = {
			isa = PBXGroup;
			children = (
				5E5B80F0200B9FF100E0B098 /* VideoKit */,
				5E5B80E32007ADC500E0B098 /* Download */,
				5E5B80D12007AC4400E0B098 /* AppDelegate.swift */,
				5E5B80D32007AC4400E0B098 /* ViewController.swift */,
				5E5B80E820090F3D00E0B098 /* ListCollectionViewCell.swift */,
				5E5B80D52007AC4400E0B098 /* Main.storyboard */,
				5E5B80D82007AC4400E0B098 /* Assets.xcassets */,
				5E5B80DA2007AC4400E0B098 /* LaunchScreen.storyboard */,
				5E5B80DD2007AC4400E0B098 /* Info.plist */,
			);
			path = VideoPlayer;
			sourceTree = "<group>";
		};
		5E5B80E32007ADC500E0B098 /* Download */ = {
			isa = PBXGroup;
			children = (
				5E5B80E42007ADFA00E0B098 /* Download.swift */,
				5E5B80E62007AE1700E0B098 /* DownloadViewController.swift */,
				5E5B80EE200B2FA800E0B098 /* DB.swift */,
			);
			path = Download;
			sourceTree = "<group>";
		};
		5E5B80F0200B9FF100E0B098 /* VideoKit */ = {
			isa = PBXGroup;
			children = (
				5E5B80F1200BA02E00E0B098 /* VideoView.swift */,
				5E5B80F3200BA97600E0B098 /* VideoPlayerViewController.swift */,
			);
			path = VideoKit;
			sourceTree = "<group>";
		};
/* End PBXGroup section */

/* Begin PBXNativeTarget section */
		5E5B80CD2007AC4400E0B098 /* VideoPlayer */ = {
			isa = PBXNativeTarget;
			buildConfigurationList = 5E5B80E02007AC4400E0B098 /* Build configuration list for PBXNativeTarget "VideoPlayer" */;
			buildPhases = (
				47EF2A18B75B551DDABA6E27 /* [CP] Check Pods Manifest.lock */,
				5E5B80CA2007AC4400E0B098 /* Sources */,
				5E5B80CB2007AC4400E0B098 /* Frameworks */,
				5E5B80CC2007AC4400E0B098 /* Resources */,
				072DB27066F7F5067CBF3385 /* [CP] Embed Pods Frameworks */,
				74DCF0CBA85751ABD4EBE7A9 /* [CP] Copy Pods Resources */,
			);
			buildRules = (
			);
			dependencies = (
			);
			name = VideoPlayer;
			productName = VideoPlayer;
			productReference = 5E5B80CE2007AC4400E0B098 /* VideoPlayer.app */;
			productType = "com.apple.product-type.application";
		};
/* End PBXNativeTarget section */

/* Begin PBXProject section */
		5E5B80C62007AC4400E0B098 /* Project object */ = {
			isa = PBXProject;
			attributes = {
				LastSwiftUpdateCheck = 0920;
				LastUpgradeCheck = 0920;
				ORGANIZATIONNAME = "虞嘉伟";
				TargetAttributes = {
					5E5B80CD2007AC4400E0B098 = {
						CreatedOnToolsVersion = 9.2;
						ProvisioningStyle = Automatic;
					};
				};
			};
			buildConfigurationList = 5E5B80C92007AC4400E0B098 /* Build configuration list for PBXProject "VideoPlayer" */;
			compatibilityVersion = "Xcode 8.0";
			developmentRegion = en;
			hasScannedForEncodings = 0;
			knownRegions = (
				en,
				Base,
			);
			mainGroup = 5E5B80C52007AC4400E0B098;
			productRefGroup = 5E5B80CF2007AC4400E0B098 /* Products */;
			projectDirPath = "";
			projectRoot = "";
			targets = (
				5E5B80CD2007AC4400E0B098 /* VideoPlayer */,
			);
		};
/* End PBXProject section */

/* Begin PBXResourcesBuildPhase section */
		5E5B80CC2007AC4400E0B098 /* Resources */ = {
			isa = PBXResourcesBuildPhase;
			buildActionMask = 2147483647;
			files = (
				5E5B80DC2007AC4400E0B098 /* LaunchScreen.storyboard in Resources */,
				5E5B80D92007AC4400E0B098 /* Assets.xcassets in Resources */,
				5E5B80D72007AC4400E0B098 /* Main.storyboard in Resources */,
			);
			runOnlyForDeploymentPostprocessing = 0;
		};
/* End PBXResourcesBuildPhase section */

/* Begin PBXShellScriptBuildPhase section */
		072DB27066F7F5067CBF3385 /* [CP] Embed Pods Frameworks */ = {
			isa = PBXShellScriptBuildPhase;
			buildActionMask = 2147483647;
			files = (
			);
			inputPaths = (
				"${SRCROOT}/Pods/Target Support Files/Pods-VideoPlayer/Pods-VideoPlayer-frameworks.sh",
				"${BUILT_PRODUCTS_DIR}/Alamofire/Alamofire.framework",
				"${BUILT_PRODUCTS_DIR}/DGElasticPullToRefresh/DGElasticPullToRefresh.framework",
				"${BUILT_PRODUCTS_DIR}/Hue/Hue.framework",
				"${BUILT_PRODUCTS_DIR}/SQLite.swift/SQLite.framework",
				"${BUILT_PRODUCTS_DIR}/SnapKit/SnapKit.framework",
			);
			name = "[CP] Embed Pods Frameworks";
			outputPaths = (
				"${TARGET_BUILD_DIR}/${FRAMEWORKS_FOLDER_PATH}/Alamofire.framework",
				"${TARGET_BUILD_DIR}/${FRAMEWORKS_FOLDER_PATH}/DGElasticPullToRefresh.framework",
				"${TARGET_BUILD_DIR}/${FRAMEWORKS_FOLDER_PATH}/Hue.framework",
				"${TARGET_BUILD_DIR}/${FRAMEWORKS_FOLDER_PATH}/SQLite.framework",
				"${TARGET_BUILD_DIR}/${FRAMEWORKS_FOLDER_PATH}/SnapKit.framework",
			);
			runOnlyForDeploymentPostprocessing = 0;
			shellPath = /bin/sh;
			shellScript = "\"${SRCROOT}/Pods/Target Support Files/Pods-VideoPlayer/Pods-VideoPlayer-frameworks.sh\"\n";
			showEnvVarsInLog = 0;
		};
		47EF2A18B75B551DDABA6E27 /* [CP] Check Pods Manifest.lock */ = {
			isa = PBXShellScriptBuildPhase;
			buildActionMask = 2147483647;
			files = (
			);
			inputPaths = (
				"${PODS_PODFILE_DIR_PATH}/Podfile.lock",
				"${PODS_ROOT}/Manifest.lock",
			);
			name = "[CP] Check Pods Manifest.lock";
			outputPaths = (
				"$(DERIVED_FILE_DIR)/Pods-VideoPlayer-checkManifestLockResult.txt",
			);
			runOnlyForDeploymentPostprocessing = 0;
			shellPath = /bin/sh;
			shellScript = "diff \"${PODS_PODFILE_DIR_PATH}/Podfile.lock\" \"${PODS_ROOT}/Manifest.lock\" > /dev/null\nif [ $? != 0 ] ; then\n    # print error to STDERR\n    echo \"error: The sandbox is not in sync with the Podfile.lock. Run 'pod install' or update your CocoaPods installation.\" >&2\n    exit 1\nfi\n# This output is used by Xcode 'outputs' to avoid re-running this script phase.\necho \"SUCCESS\" > \"${SCRIPT_OUTPUT_FILE_0}\"\n";
			showEnvVarsInLog = 0;
		};
		74DCF0CBA85751ABD4EBE7A9 /* [CP] Copy Pods Resources */ = {
			isa = PBXShellScriptBuildPhase;
			buildActionMask = 2147483647;
			files = (
			);
			inputPaths = (
			);
			name = "[CP] Copy Pods Resources";
			outputPaths = (
			);
			runOnlyForDeploymentPostprocessing = 0;
			shellPath = /bin/sh;
			shellScript = "\"${SRCROOT}/Pods/Target Support Files/Pods-VideoPlayer/Pods-VideoPlayer-resources.sh\"\n";
			showEnvVarsInLog = 0;
		};
/* End PBXShellScriptBuildPhase section */

/* Begin PBXSourcesBuildPhase section */
		5E5B80CA2007AC4400E0B098 /* Sources */ = {
			isa = PBXSourcesBuildPhase;
			buildActionMask = 2147483647;
			files = (
				5E5B80E52007ADFA00E0B098 /* Download.swift in Sources */,
				5E5B80F2200BA02E00E0B098 /* VideoView.swift in Sources */,
				5E5B80E920090F3D00E0B098 /* ListCollectionViewCell.swift in Sources */,
				5E5B80D42007AC4400E0B098 /* ViewController.swift in Sources */,
				5E5B80E72007AE1700E0B098 /* DownloadViewController.swift in Sources */,
				5E5B80F4200BA97600E0B098 /* VideoPlayerViewController.swift in Sources */,
				5E5B80D22007AC4400E0B098 /* AppDelegate.swift in Sources */,
				5E5B80EF200B2FA800E0B098 /* DB.swift in Sources */,
			);
			runOnlyForDeploymentPostprocessing = 0;
		};
/* End PBXSourcesBuildPhase section */

/* Begin PBXVariantGroup section */
		5E5B80D52007AC4400E0B098 /* Main.storyboard */ = {
			isa = PBXVariantGroup;
			children = (
				5E5B80D62007AC4400E0B098 /* Base */,
			);
			name = Main.storyboard;
			sourceTree = "<group>";
		};
		5E5B80DA2007AC4400E0B098 /* LaunchScreen.storyboard */ = {
			isa = PBXVariantGroup;
			children = (
				5E5B80DB2007AC4400E0B098 /* Base */,
			);
			name = LaunchScreen.storyboard;
			sourceTree = "<group>";
		};
/* End PBXVariantGroup section */

/* Begin XCBuildConfiguration section */
		5E5B80DE2007AC4400E0B098 /* Debug */ = {
			isa = XCBuildConfiguration;
			buildSettings = {
				ALWAYS_SEARCH_USER_PATHS = NO;
				CLANG_ANALYZER_NONNULL = YES;
				CLANG_ANALYZER_NUMBER_OBJECT_CONVERSION = YES_AGGRESSIVE;
				CLANG_CXX_LANGUAGE_STANDARD = "gnu++14";
				CLANG_CXX_LIBRARY = "libc++";
				CLANG_ENABLE_MODULES = YES;
				CLANG_ENABLE_OBJC_ARC = YES;
				CLANG_WARN_BLOCK_CAPTURE_AUTORELEASING = YES;
				CLANG_WARN_BOOL_CONVERSION = YES;
				CLANG_WARN_COMMA = YES;
				CLANG_WARN_CONSTANT_CONVERSION = YES;
				CLANG_WARN_DIRECT_OBJC_ISA_USAGE = YES_ERROR;
				CLANG_WARN_DOCUMENTATION_COMMENTS = YES;
				CLANG_WARN_EMPTY_BODY = YES;
				CLANG_WARN_ENUM_CONVERSION = YES;
				CLANG_WARN_INFINITE_RECURSION = YES;
				CLANG_WARN_INT_CONVERSION = YES;
				CLANG_WARN_NON_LITERAL_NULL_CONVERSION = YES;
				CLANG_WARN_OBJC_LITERAL_CONVERSION = YES;
				CLANG_WARN_OBJC_ROOT_CLASS = YES_ERROR;
				CLANG_WARN_RANGE_LOOP_ANALYSIS = YES;
				CLANG_WARN_STRICT_PROTOTYPES = YES;
				CLANG_WARN_SUSPICIOUS_MOVE = YES;
				CLANG_WARN_UNGUARDED_AVAILABILITY = YES_AGGRESSIVE;
				CLANG_WARN_UNREACHABLE_CODE = YES;
				CLANG_WARN__DUPLICATE_METHOD_MATCH = YES;
				CODE_SIGN_IDENTITY = "iPhone Developer";
				COPY_PHASE_STRIP = NO;
				DEBUG_INFORMATION_FORMAT = dwarf;
				ENABLE_STRICT_OBJC_MSGSEND = YES;
				ENABLE_TESTABILITY = YES;
				GCC_C_LANGUAGE_STANDARD = gnu11;
				GCC_DYNAMIC_NO_PIC = NO;
				GCC_NO_COMMON_BLOCKS = YES;
				GCC_OPTIMIZATION_LEVEL = 0;
				GCC_PREPROCESSOR_DEFINITIONS = (
					"DEBUG=1",
					"$(inherited)",
				);
				GCC_WARN_64_TO_32_BIT_CONVERSION = YES;
				GCC_WARN_ABOUT_RETURN_TYPE = YES_ERROR;
				GCC_WARN_UNDECLARED_SELECTOR = YES;
				GCC_WARN_UNINITIALIZED_AUTOS = YES_AGGRESSIVE;
				GCC_WARN_UNUSED_FUNCTION = YES;
				GCC_WARN_UNUSED_VARIABLE = YES;
				IPHONEOS_DEPLOYMENT_TARGET = 11.2;
				MTL_ENABLE_DEBUG_INFO = YES;
				ONLY_ACTIVE_ARCH = YES;
				SDKROOT = iphoneos;
				SWIFT_ACTIVE_COMPILATION_CONDITIONS = DEBUG;
				SWIFT_OPTIMIZATION_LEVEL = "-Onone";
			};
			name = Debug;
		};
		5E5B80DF2007AC4400E0B098 /* Release */ = {
			isa = XCBuildConfiguration;
			buildSettings = {
				ALWAYS_SEARCH_USER_PATHS = NO;
				CLANG_ANALYZER_NONNULL = YES;
				CLANG_ANALYZER_NUMBER_OBJECT_CONVERSION = YES_AGGRESSIVE;
				CLANG_CXX_LANGUAGE_STANDARD = "gnu++14";
				CLANG_CXX_LIBRARY = "libc++";
				CLANG_ENABLE_MODULES = YES;
				CLANG_ENABLE_OBJC_ARC = YES;
				CLANG_WARN_BLOCK_CAPTURE_AUTORELEASING = YES;
				CLANG_WARN_BOOL_CONVERSION = YES;
				CLANG_WARN_COMMA = YES;
				CLANG_WARN_CONSTANT_CONVERSION = YES;
				CLANG_WARN_DIRECT_OBJC_ISA_USAGE = YES_ERROR;
				CLANG_WARN_DOCUMENTATION_COMMENTS = YES;
				CLANG_WARN_EMPTY_BODY = YES;
				CLANG_WARN_ENUM_CONVERSION = YES;
				CLANG_WARN_INFINITE_RECURSION = YES;
				CLANG_WARN_INT_CONVERSION = YES;
				CLANG_WARN_NON_LITERAL_NULL_CONVERSION = YES;
				CLANG_WARN_OBJC_LITERAL_CONVERSION = YES;
				CLANG_WARN_OBJC_ROOT_CLASS = YES_ERROR;
				CLANG_WARN_RANGE_LOOP_ANALYSIS = YES;
				CLANG_WARN_STRICT_PROTOTYPES = YES;
				CLANG_WARN_SUSPICIOUS_MOVE = YES;
				CLANG_WARN_UNGUARDED_AVAILABILITY = YES_AGGRESSIVE;
				CLANG_WARN_UNREACHABLE_CODE = YES;
				CLANG_WARN__DUPLICATE_METHOD_MATCH = YES;
				CODE_SIGN_IDENTITY = "iPhone Developer";
				COPY_PHASE_STRIP = NO;
				DEBUG_INFORMATION_FORMAT = "dwarf-with-dsym";
				ENABLE_NS_ASSERTIONS = NO;
				ENABLE_STRICT_OBJC_MSGSEND = YES;
				GCC_C_LANGUAGE_STANDARD = gnu11;
				GCC_NO_COMMON_BLOCKS = YES;
				GCC_WARN_64_TO_32_BIT_CONVERSION = YES;
				GCC_WARN_ABOUT_RETURN_TYPE = YES_ERROR;
				GCC_WARN_UNDECLARED_SELECTOR = YES;
				GCC_WARN_UNINITIALIZED_AUTOS = YES_AGGRESSIVE;
				GCC_WARN_UNUSED_FUNCTION = YES;
				GCC_WARN_UNUSED_VARIABLE = YES;
				IPHONEOS_DEPLOYMENT_TARGET = 11.2;
				MTL_ENABLE_DEBUG_INFO = NO;
				SDKROOT = iphoneos;
				SWIFT_OPTIMIZATION_LEVEL = "-Owholemodule";
				VALIDATE_PRODUCT = YES;
			};
			name = Release;
		};
		5E5B80E12007AC4400E0B098 /* Debug */ = {
			isa = XCBuildConfiguration;
			baseConfigurationReference = 59E250F9C83D1A1898B1B514 /* Pods-VideoPlayer.debug.xcconfig */;
			buildSettings = {
				ASSETCATALOG_COMPILER_APPICON_NAME = AppIcon;
				CODE_SIGN_STYLE = Automatic;
				DEVELOPMENT_TEAM = XG9FTFMEKQ;
				INFOPLIST_FILE = VideoPlayer/Info.plist;
				IPHONEOS_DEPLOYMENT_TARGET = 11.0;
				LD_RUNPATH_SEARCH_PATHS = "$(inherited) @executable_path/Frameworks";
				PRODUCT_BUNDLE_IDENTIFIER = com.george.video;
				PRODUCT_NAME = "$(TARGET_NAME)";
				SWIFT_VERSION = 4.0;
				TARGETED_DEVICE_FAMILY = "1,2";
			};
			name = Debug;
		};
		5E5B80E22007AC4400E0B098 /* Release */ = {
			isa = XCBuildConfiguration;
			baseConfigurationReference = 9D291F0F9FF1CEABF9D8C1EA /* Pods-VideoPlayer.release.xcconfig */;
			buildSettings = {
				ASSETCATALOG_COMPILER_APPICON_NAME = AppIcon;
				CODE_SIGN_STYLE = Automatic;
				DEVELOPMENT_TEAM = XG9FTFMEKQ;
				INFOPLIST_FILE = VideoPlayer/Info.plist;
				IPHONEOS_DEPLOYMENT_TARGET = 11.0;
				LD_RUNPATH_SEARCH_PATHS = "$(inherited) @executable_path/Frameworks";
				PRODUCT_BUNDLE_IDENTIFIER = com.george.video;
				PRODUCT_NAME = "$(TARGET_NAME)";
				SWIFT_VERSION = 4.0;
				TARGETED_DEVICE_FAMILY = "1,2";
			};
			name = Release;
		};
/* End XCBuildConfiguration section */

/* Begin XCConfigurationList section */
		5E5B80C92007AC4400E0B098 /* Build configuration list for PBXProject "VideoPlayer" */ = {
			isa = XCConfigurationList;
			buildConfigurations = (
				5E5B80DE2007AC4400E0B098 /* Debug */,
				5E5B80DF2007AC4400E0B098 /* Release */,
			);
			defaultConfigurationIsVisible = 0;
			defaultConfigurationName = Release;
		};
		5E5B80E02007AC4400E0B098 /* Build configuration list for PBXNativeTarget "VideoPlayer" */ = {
			isa = XCConfigurationList;
			buildConfigurations = (
				5E5B80E12007AC4400E0B098 /* Debug */,
				5E5B80E22007AC4400E0B098 /* Release */,
			);
			defaultConfigurationIsVisible = 0;
			defaultConfigurationName = Release;
		};
/* End XCConfigurationList section */
	};
	rootObject = 5E5B80C62007AC4400E0B098 /* Project object */;
}
